
Microsoft Visual Studio Solution File, Format Version 12.00
# Visual Studio Version 16
VisualStudioVersion = 16.0.31402.337
MinimumVisualStudioVersion = 10.0.40219.1
Project("{FAE04EC0-301F-11D3-BF4B-00C04F79EFBC}") = "SnackMachine", "SnackMachine\SnackMachine.csproj", "{7FEC6828-84BE-455E-857B-C81B54104E6A}"
EndProject
Global
	GlobalSection(SolutionConfigurationPlatforms) = preSolution
		Debug|Any CPU = Debug|Any CPU
		Release|Any CPU = Release|Any CPU
	EndGlobalSection
	GlobalSection(ProjectConfigurationPlatforms) = postSolution
		{7FEC6828-84BE-455E-857B-C81B54104E6A}.Debug|Any CPU.ActiveCfg = Debug|Any CPU
		{7FEC6828-84BE-455E-857B-C81B54104E6A}.Debug|Any CPU.Build.0 = Debug|Any CPU
		{7FEC6828-84BE-455E-857B-C81B54104E6A}.Release|Any CPU.ActiveCfg = Release|Any CPU
		{7FEC6828-84BE-455E-857B-C81B54104E6A}.Release|Any CPU.Build.0 = Release|Any CPU
	EndGlobalSection
	GlobalSection(SolutionProperties) = preSolution
		HideSolutionNode = FALSE
	EndGlobalSection
	GlobalSection(ExtensibilityGlobals) = postSolution
		SolutionGuid = {38A7DD90-05CF-4D71-BEE2-1D7DFDFEE0AF}
	EndGlobalSection
EndGlobal
